version = 1
requires-python = ">=3.10"

[[package]]
name = "structlog"
version = "25.4.0"
source = { registry = "https://pypi.org/simple" }
dependencies = [
    { name = "typing-extensions", marker = "python_full_version < '3.11'" },
]
sdist = { url = "https://files.pythonhosted.org/packages/79/b9/6e672db4fec07349e7a8a8172c1a6ae235c58679ca29c3f86a61b5e59ff3/structlog-25.4.0.tar.gz", hash = "sha256:186cd1b0a8ae762e29417095664adf1d6a31702160a46dacb7796ea82f7409e4", size = 1369138 }
wheels = [
    { url = "https://files.pythonhosted.org/packages/a0/4a/97ee6973e3a73c74c8120d59829c3861ea52210667ec3e7a16045c62b64d/structlog-25.4.0-py3-none-any.whl", hash = "sha256:fe809ff5c27e557d14e613f45ca441aabda051d119ee5a0102aaba6ce40eed2c", size = 68720 },
]

[[package]]
name = "typing-extensions"
version = "4.14.1"
source = { registry = "https://pypi.org/simple" }
sdist = { url = "https://files.pythonhosted.org/packages/98/5a/da40306b885cc8c09109dc2e1abd358d5684b1425678151cdaed4731c822/typing_extensions-4.14.1.tar.gz", hash = "sha256:38b39f4aeeab64884ce9f74c94263ef78f3c22467c8724005483154c26648d36", size = 107673 }
wheels = [
    { url = "https://files.pythonhosted.org/packages/b5/00/d631e67a838026495268c2f6884f3711a15a9a2a96cd244fdaea53b823fb/typing_extensions-4.14.1-py3-none-any.whl", hash = "sha256:d1e1e3b58374dc93031d6eda2420a48ea44a36c2b4766a4fdeb3710755731d76", size = 43906 },
]

[[package]]
name = "utilities"
version = "0.1.0"
source = { editable = "." }
dependencies = [
    { name = "structlog" },
]

[package.metadata]
requires-dist = [{ name = "structlog", specifier = ">=25.4.0" }]
